
Microsoft Visual Studio Solution File, Format Version 12.00
Project("{FAE04EC0-301F-11D3-BF4B-00C04F79EFBC}") = "ProfileBuilder.WebApi", "src\Backend\ProfileBuilder.WebApi\ProfileBuilder.WebApi.csproj", "{86012FEB-C56B-49BC-B2B0-CB0DE8EBB2D6}"
EndProject
Project("{FAE04EC0-301F-11D3-BF4B-00C04F79EFBC}") = "ProfileBuilder.App", "src\Frontend\ProfileBuilder.App\ProfileBuilder.App.csproj", "{77F89A9E-EC46-4B3A-AAD3-84F33F68B155}"
EndProject
Global
	GlobalSection(SolutionConfigurationPlatforms) = preSolution
		Debug|Any CPU = Debug|Any CPU
		Release|Any CPU = Release|Any CPU
	EndGlobalSection
	GlobalSection(ProjectConfigurationPlatforms) = postSolution
		{86012FEB-C56B-49BC-B2B0-CB0DE8EBB2D6}.Debug|Any CPU.ActiveCfg = Debug|Any CPU
		{86012FEB-C56B-49BC-B2B0-CB0DE8EBB2D6}.Debug|Any CPU.Build.0 = Debug|Any CPU
		{86012FEB-C56B-49BC-B2B0-CB0DE8EBB2D6}.Release|Any CPU.ActiveCfg = Release|Any CPU
		{86012FEB-C56B-49BC-B2B0-CB0DE8EBB2D6}.Release|Any CPU.Build.0 = Release|Any CPU
		{77F89A9E-EC46-4B3A-AAD3-84F33F68B155}.Debug|Any CPU.ActiveCfg = Debug|Any CPU
		{77F89A9E-EC46-4B3A-AAD3-84F33F68B155}.Debug|Any CPU.Build.0 = Debug|Any CPU
		{77F89A9E-EC46-4B3A-AAD3-84F33F68B155}.Release|Any CPU.ActiveCfg = Release|Any CPU
		{77F89A9E-EC46-4B3A-AAD3-84F33F68B155}.Release|Any CPU.Build.0 = Release|Any CPU
	EndGlobalSection
EndGlobal
